
Microsoft Visual Studio Solution File, Format Version 12.00
# Visual Studio 15
VisualStudioVersion = 15.0.28010.2026
MinimumVisualStudioVersion = 10.0.40219.1
Project("{9092AA53-FB77-4645-B42D-1CCCA6BD08BD}") = "TaskManager", "TaskManager\TaskManager.njsproj", "{8A795DF0-1686-44F3-8C85-B51A205DD522}"
EndProject
Global
	GlobalSection(SolutionConfigurationPlatforms) = preSolution
		Debug|Any CPU = Debug|Any CPU
		Release|Any CPU = Release|Any CPU
	EndGlobalSection
	GlobalSection(ProjectConfigurationPlatforms) = postSolution
		{8A795DF0-1686-44F3-8C85-B51A205DD522}.Debug|Any CPU.ActiveCfg = Debug|Any CPU
		{8A795DF0-1686-44F3-8C85-B51A205DD522}.Debug|Any CPU.Build.0 = Debug|Any CPU
		{8A795DF0-1686-44F3-8C85-B51A205DD522}.Release|Any CPU.ActiveCfg = Release|Any CPU
		{8A795DF0-1686-44F3-8C85-B51A205DD522}.Release|Any CPU.Build.0 = Release|Any CPU
	EndGlobalSection
	GlobalSection(SolutionProperties) = preSolution
		HideSolutionNode = FALSE
	EndGlobalSection
	GlobalSection(ExtensibilityGlobals) = postSolution
		SolutionGuid = {F8A0B20D-025F-47D1-871D-C602BF39CD35}
	EndGlobalSection
EndGlobal
